# @generated - this file is auto-generated by `mise lock` https://mise.jdx.dev/dev-tools/mise-lock.html

lockfile_version = 2

[[tools.flutter]]
version = "3.47.5"
backend = "http:flutter"
specifiers = ["3.47.5"]

[tools.flutter."platforms.linux-x64"]
url = "https://storage.googleapis.com/flutter_infra_release/releases/stable/linux/flutter_linux_3.47.5-stable.tar.xz"

[tools.flutter."platforms.macos-arm64"]
url = "https://storage.googleapis.com/flutter_infra_release/releases/stable/macos/flutter_macos_arm64_3.47.5-stable.zip"

[tools.flutter."platforms.macos-x64"]
url = "https://storage.googleapis.com/flutter_infra_release/releases/stable/macos/flutter_macos_3.47.5-stable.zip"

[tools.flutter."platforms.windows-x64"]
url = "https://storage.googleapis.com/flutter_infra_release/releases/stable/windows/flutter_windows_3.47.5-stable.zip"
